
Microsoft Visual Studio Solution File, Format Version 12.00
# Visual Studio Version 17
VisualStudioVersion = 17.6.33801.468
MinimumVisualStudioVersion = 10.0.40219.1
Project("{9A19103F-16F7-4668-BE54-9A1E7A4F7556}") = "Question one", "Question one\Question one.csproj", "{45FB8509-B386-4359-A203-DD7AFD300503}"
EndProject
Global
	GlobalSection(SolutionConfigurationPlatforms) = preSolution
		Debug|Any CPU = Debug|Any CPU
		Release|Any CPU = Release|Any CPU
	EndGlobalSection
	GlobalSection(ProjectConfigurationPlatforms) = postSolution
		{45FB8509-B386-4359-A203-DD7AFD300503}.Debug|Any CPU.ActiveCfg = Debug|Any CPU
		{45FB8509-B386-4359-A203-DD7AFD300503}.Debug|Any CPU.Build.0 = Debug|Any CPU
		{45FB8509-B386-4359-A203-DD7AFD300503}.Release|Any CPU.ActiveCfg = Release|Any CPU
		{45FB8509-B386-4359-A203-DD7AFD300503}.Release|Any CPU.Build.0 = Release|Any CPU
	EndGlobalSection
	GlobalSection(SolutionProperties) = preSolution
		HideSolutionNode = FALSE
	EndGlobalSection
	GlobalSection(ExtensibilityGlobals) = postSolution
		SolutionGuid = {433D5879-EC3F-4E37-8DDA-653103A11E5A}
	EndGlobalSection
EndGlobal
